
Microsoft Visual Studio Solution File, Format Version 12.00
# Visual Studio Version 16
VisualStudioVersion = 16.0.29424.173
MinimumVisualStudioVersion = 10.0.40219.1
Project("{9A19103F-16F7-4668-BE54-9A1E7A4F7556}") = "EtkBlazorApp", "EtkBlazorApp.csproj", "{D2830D37-EAAA-4C15-B3C6-F77F897821C2}"
EndProject
Project("{9A19103F-16F7-4668-BE54-9A1E7A4F7556}") = "EtkBlazorApp.BL", "..\EtkBlazorApp.BL\EtkBlazorApp.BL.csproj", "{3D22A977-D8C5-4880-9E44-B4B3BA07EA9A}"
EndProject
Project("{9A19103F-16F7-4668-BE54-9A1E7A4F7556}") = "EtkBlazorApp.DataAccess", "..\EtkBlazorApp.DataAccess\EtkBlazorApp.DataAccess.csproj", "{2EDE050B-D2E1-4E8D-8AB9-22B99AEEAEA9}"
EndProject
Project("{9A19103F-16F7-4668-BE54-9A1E7A4F7556}") = "EtkBlazorApp.Integration", "..\EtkBlazorApp.API\EtkBlazorApp.Integration.csproj", "{3822CAFE-7B98-4734-801D-CE2CA3A7618D}"
EndProject
Global
	GlobalSection(SolutionConfigurationPlatforms) = preSolution
		Debug|Any CPU = Debug|Any CPU
		Release|Any CPU = Release|Any CPU
	EndGlobalSection
	GlobalSection(ProjectConfigurationPlatforms) = postSolution
		{D2830D37-EAAA-4C15-B3C6-F77F897821C2}.Debug|Any CPU.ActiveCfg = Debug|Any CPU
		{D2830D37-EAAA-4C15-B3C6-F77F897821C2}.Debug|Any CPU.Build.0 = Debug|Any CPU
		{D2830D37-EAAA-4C15-B3C6-F77F897821C2}.Release|Any CPU.ActiveCfg = Release|Any CPU
		{D2830D37-EAAA-4C15-B3C6-F77F897821C2}.Release|Any CPU.Build.0 = Release|Any CPU
		{3D22A977-D8C5-4880-9E44-B4B3BA07EA9A}.Debug|Any CPU.ActiveCfg = Debug|Any CPU
		{3D22A977-D8C5-4880-9E44-B4B3BA07EA9A}.Debug|Any CPU.Build.0 = Debug|Any CPU
		{3D22A977-D8C5-4880-9E44-B4B3BA07EA9A}.Release|Any CPU.ActiveCfg = Release|Any CPU
		{3D22A977-D8C5-4880-9E44-B4B3BA07EA9A}.Release|Any CPU.Build.0 = Release|Any CPU
		{2EDE050B-D2E1-4E8D-8AB9-22B99AEEAEA9}.Debug|Any CPU.ActiveCfg = Debug|Any CPU
		{2EDE050B-D2E1-4E8D-8AB9-22B99AEEAEA9}.Debug|Any CPU.Build.0 = Debug|Any CPU
		{2EDE050B-D2E1-4E8D-8AB9-22B99AEEAEA9}.Release|Any CPU.ActiveCfg = Release|Any CPU
		{2EDE050B-D2E1-4E8D-8AB9-22B99AEEAEA9}.Release|Any CPU.Build.0 = Release|Any CPU
		{3822CAFE-7B98-4734-801D-CE2CA3A7618D}.Debug|Any CPU.ActiveCfg = Debug|Any CPU
		{3822CAFE-7B98-4734-801D-CE2CA3A7618D}.Debug|Any CPU.Build.0 = Debug|Any CPU
		{3822CAFE-7B98-4734-801D-CE2CA3A7618D}.Release|Any CPU.ActiveCfg = Release|Any CPU
		{3822CAFE-7B98-4734-801D-CE2CA3A7618D}.Release|Any CPU.Build.0 = Release|Any CPU
	EndGlobalSection
	GlobalSection(SolutionProperties) = preSolution
		HideSolutionNode = FALSE
	EndGlobalSection
	GlobalSection(ExtensibilityGlobals) = postSolution
		SolutionGuid = {AC89A115-2F62-4E4D-9351-559FC4BE2606}
	EndGlobalSection
EndGlobal
