
Microsoft Visual Studio Solution File, Format Version 12.00
# Visual Studio Version 17
VisualStudioVersion = 17.0.32112.339
MinimumVisualStudioVersion = 10.0.40219.1
Project("{9A19103F-16F7-4668-BE54-9A1E7A4F7556}") = "EtkBlazorApp", "EtkBlazorApp.csproj", "{D2830D37-EAAA-4C15-B3C6-F77F897821C2}"
EndProject
Project("{9A19103F-16F7-4668-BE54-9A1E7A4F7556}") = "EtkBlazorApp.BL", "..\EtkBlazorApp.BL\EtkBlazorApp.BL.csproj", "{3D22A977-D8C5-4880-9E44-B4B3BA07EA9A}"
EndProject
Project("{9A19103F-16F7-4668-BE54-9A1E7A4F7556}") = "EtkBlazorApp.DataAccess", "..\EtkBlazorApp.DataAccess\EtkBlazorApp.DataAccess.csproj", "{2EDE050B-D2E1-4E8D-8AB9-22B99AEEAEA9}"
EndProject
Project("{FAE04EC0-301F-11D3-BF4B-00C04F79EFBC}") = "EtkBlazorApp.CdekApi", "..\EtkBlazorApp.CdekApi\EtkBlazorApp.CdekApi.csproj", "{0F40A8B2-DC45-430C-8DEE-F1CEED09F155}"
EndProject
Project("{FAE04EC0-301F-11D3-BF4B-00C04F79EFBC}") = "EtkBlazorApp.Core", "..\EtkBlazorApp.Interfaces\EtkBlazorApp.Core.csproj", "{1D8630F6-11B5-4822-9E92-C06245BF2F2B}"
EndProject
Project("{2150E333-8FDC-42A3-9474-1A3956D46DE8}") = "ExternalApi", "ExternalApi", "{F4ED17F6-25DE-40FE-96F5-DA5CCE5B81B4}"
EndProject
Project("{FAE04EC0-301F-11D3-BF4B-00C04F79EFBC}") = "EtkBlazorAppi.DadataApi", "..\EtkBlazorAppi.DadataApi\EtkBlazorAppi.DadataApi.csproj", "{BC490AD7-1B62-442B-99FA-978119C670D0}"
EndProject
Global
	GlobalSection(SolutionConfigurationPlatforms) = preSolution
		Debug|Any CPU = Debug|Any CPU
		Release|Any CPU = Release|Any CPU
	EndGlobalSection
	GlobalSection(ProjectConfigurationPlatforms) = postSolution
		{D2830D37-EAAA-4C15-B3C6-F77F897821C2}.Debug|Any CPU.ActiveCfg = Debug|Any CPU
		{D2830D37-EAAA-4C15-B3C6-F77F897821C2}.Debug|Any CPU.Build.0 = Debug|Any CPU
		{D2830D37-EAAA-4C15-B3C6-F77F897821C2}.Release|Any CPU.ActiveCfg = Release|Any CPU
		{D2830D37-EAAA-4C15-B3C6-F77F897821C2}.Release|Any CPU.Build.0 = Release|Any CPU
		{3D22A977-D8C5-4880-9E44-B4B3BA07EA9A}.Debug|Any CPU.ActiveCfg = Debug|Any CPU
		{3D22A977-D8C5-4880-9E44-B4B3BA07EA9A}.Debug|Any CPU.Build.0 = Debug|Any CPU
		{3D22A977-D8C5-4880-9E44-B4B3BA07EA9A}.Release|Any CPU.ActiveCfg = Release|Any CPU
		{3D22A977-D8C5-4880-9E44-B4B3BA07EA9A}.Release|Any CPU.Build.0 = Release|Any CPU
		{2EDE050B-D2E1-4E8D-8AB9-22B99AEEAEA9}.Debug|Any CPU.ActiveCfg = Debug|Any CPU
		{2EDE050B-D2E1-4E8D-8AB9-22B99AEEAEA9}.Debug|Any CPU.Build.0 = Debug|Any CPU
		{2EDE050B-D2E1-4E8D-8AB9-22B99AEEAEA9}.Release|Any CPU.ActiveCfg = Release|Any CPU
		{2EDE050B-D2E1-4E8D-8AB9-22B99AEEAEA9}.Release|Any CPU.Build.0 = Release|Any CPU
		{0F40A8B2-DC45-430C-8DEE-F1CEED09F155}.Debug|Any CPU.ActiveCfg = Debug|Any CPU
		{0F40A8B2-DC45-430C-8DEE-F1CEED09F155}.Debug|Any CPU.Build.0 = Debug|Any CPU
		{0F40A8B2-DC45-430C-8DEE-F1CEED09F155}.Release|Any CPU.ActiveCfg = Release|Any CPU
		{0F40A8B2-DC45-430C-8DEE-F1CEED09F155}.Release|Any CPU.Build.0 = Release|Any CPU
		{1D8630F6-11B5-4822-9E92-C06245BF2F2B}.Debug|Any CPU.ActiveCfg = Debug|Any CPU
		{1D8630F6-11B5-4822-9E92-C06245BF2F2B}.Debug|Any CPU.Build.0 = Debug|Any CPU
		{1D8630F6-11B5-4822-9E92-C06245BF2F2B}.Release|Any CPU.ActiveCfg = Release|Any CPU
		{1D8630F6-11B5-4822-9E92-C06245BF2F2B}.Release|Any CPU.Build.0 = Release|Any CPU
		{BC490AD7-1B62-442B-99FA-978119C670D0}.Debug|Any CPU.ActiveCfg = Debug|Any CPU
		{BC490AD7-1B62-442B-99FA-978119C670D0}.Debug|Any CPU.Build.0 = Debug|Any CPU
		{BC490AD7-1B62-442B-99FA-978119C670D0}.Release|Any CPU.ActiveCfg = Release|Any CPU
		{BC490AD7-1B62-442B-99FA-978119C670D0}.Release|Any CPU.Build.0 = Release|Any CPU
	EndGlobalSection
	GlobalSection(SolutionProperties) = preSolution
		HideSolutionNode = FALSE
	EndGlobalSection
	GlobalSection(NestedProjects) = preSolution
		{0F40A8B2-DC45-430C-8DEE-F1CEED09F155} = {F4ED17F6-25DE-40FE-96F5-DA5CCE5B81B4}
		{BC490AD7-1B62-442B-99FA-978119C670D0} = {F4ED17F6-25DE-40FE-96F5-DA5CCE5B81B4}
	EndGlobalSection
	GlobalSection(ExtensibilityGlobals) = postSolution
		SolutionGuid = {AC89A115-2F62-4E4D-9351-559FC4BE2606}
	EndGlobalSection
EndGlobal
